<Solution>
  <Folder Name="/cicd/">
    <File Path=".github/workflows/ci.yml" />
    <File Path=".github/workflows/release.yml" />
    <File Path="cicd/checks.sh" />
    <File Path="cicd/ci.sh" />
    <File Path="cicd/release.sh" />
  </Folder>
  <Folder Name="/sln/">
    <File Path=".gitignore" />
    <File Path="Claude.md" />
    <File Path="Directory.Build.props" />
    <File Path="global.json" />
    <File Path="README.md" />
  </Folder>
  <Folder Name="/src/">
    <Project Path="src/Lefty.Ado.Abstractions/Lefty.Ado.Abstractions.csproj" Id="e5667e40-7b08-4ace-8afa-f6a210dfc8dc" />
    <Project Path="src/Lefty.Ado.McpHost/Lefty.Ado.McpHost.csproj" Id="bfc62443-c640-4909-92a4-ca503ff7d819" />
    <Project Path="src/Lefty.Ado/Lefty.Ado.csproj" />
  </Folder>
  <Folder Name="/tests/">
  </Folder>
  <Folder Name="/tools/">
    <Project Path="tools/Lefty.Ado.Cli/Lefty.Ado.Cli.csproj" Id="3bf17069-2797-49a2-8cdc-af391cbe3a78" />
  </Folder>
</Solution>
