<Solution>
  <Folder Name="/cicd/">
    <File Path=".github/workflows/ci.yml" />
    <File Path=".github/workflows/release.yml" />
    <File Path="cicd/checks.sh" />
    <File Path="cicd/ci.sh" />
    <File Path="cicd/release.sh" />
  </Folder>
  <Folder Name="/sln/">
    <File Path=".gitignore" />
    <File Path="Directory.Build.props" />
    <File Path="global.json" />
    <File Path="README.md" />
  </Folder>
  <Folder Name="/src/">
    <Project Path="src/Lefty.Ado.McpHost/Lefty.Ado.McpHost.csproj" Id="bfc62443-c640-4909-92a4-ca503ff7d819" />
    <Project Path="src/Lefty.Ado/Lefty.Ado.csproj" />
  </Folder>
  <Folder Name="/tests/">
  </Folder>
  <Folder Name="/tools/">
  </Folder>
</Solution>
